{
    "_readme": [
        "This file locks the dependencies of your project to a known state",
        "Read more about it at https://getcomposer.org/doc/01-basic-usage.md#composer-lock-the-lock-file",
        "This file is @generated automatically"
    ],
    "hash": "7163ae950b1d709c30dae9210d5888e7",
    "packages": [
        {
            "name": "composer/installers",
            "version": "v1.0.21",
            "source": {
                "type": "git",
                "url": "https://github.com/composer/installers.git",
                "reference": "d64e23fce42a4063d63262b19b8e7c0f3b5e4c45"
            },
            "dist": {
                "type": "zip",
                "url": "https://api.github.com/repos/composer/installers/zipball/d64e23fce42a4063d63262b19b8e7c0f3b5e4c45",
                "reference": "d64e23fce42a4063d63262b19b8e7c0f3b5e4c45",
                "shasum": ""
            },
            "replace": {
                "roundcube/plugin-installer": "*",
                "shama/baton": "*"
            },
            "require-dev": {
                "composer/composer": "1.0.*@dev",
                "phpunit/phpunit": "4.1.*"
            },
            "type": "composer-installer",
            "extra": {
                "class": "Composer\\Installers\\Installer",
                "branch-alias": {
                    "dev-master": "1.0-dev"
                }
            },
            "autoload": {
                "psr-0": {
                    "Composer\\Installers\\": "src/"
                }
            },
            "notification-url": "https://packagist.org/downloads/",
            "license": [
                "MIT"
            ],
            "authors": [
                {
                    "name": "Kyle Robinson Young",
                    "email": "kyle@dontkry.com",
                    "homepage": "https://github.com/shama"
                }
            ],
            "description": "A multi-framework Composer library installer",
            "homepage": "http://composer.github.com/installers/",
            "keywords": [
                "Craft",
                "Dolibarr",
                "Hurad",
                "MODX Evo",
                "OXID",
                "SMF",
                "Thelia",
                "WolfCMS",
                "agl",
                "aimeos",
                "annotatecms",
                "bitrix",
                "cakephp",
                "chef",
                "codeigniter",
                "concrete5",
                "croogo",
                "dokuwiki",
                "drupal",
                "elgg",
                "fuelphp",
                "grav",
                "installer",
                "joomla",
                "kohana",
                "laravel",
                "lithium",
                "magento",
                "mako",
                "mediawiki",
                "modulework",
                "moodle",
                "phpbb",
                "piwik",
                "ppi",
                "puppet",
                "roundcube",
                "shopware",
                "silverstripe",
                "symfony",
                "typo3",
                "wordpress",
                "zend",
                "zikula"
            ],
            "time": "2015-02-18 17:17:01"
        },
        {
            "name": "johnpbloch/wordpress",
            "version": "4.3",
            "source": {
                "type": "git",
                "url": "https://github.com/johnpbloch/wordpress.git",
                "reference": "2afe902599538caaa0f1fd7579895dd7cc0ac5f7"
            },
            "dist": {
                "type": "zip",
                "url": "https://api.github.com/repos/johnpbloch/wordpress/zipball/2afe902599538caaa0f1fd7579895dd7cc0ac5f7",
                "reference": "2afe902599538caaa0f1fd7579895dd7cc0ac5f7",
                "shasum": ""
            },
            "require": {
                "johnpbloch/wordpress-core-installer": "~0.2",
                "php": ">=5.3.2"
            },
            "type": "wordpress-core",
            "notification-url": "https://packagist.org/downloads/",
            "license": [
                "GPL-2.0+"
            ],
            "authors": [
                {
                    "name": "WordPress Community",
                    "homepage": "http://wordpress.org/about/"
                }
            ],
            "description": "WordPress is web software you can use to create a beautiful website or blog.",
            "homepage": "http://wordpress.org/",
            "keywords": [
                "blog",
                "cms"
            ],
            "time": "2015-08-18 18:16:11"
        },
        {
            "name": "johnpbloch/wordpress-core-installer",
            "version": "0.2.1",
            "source": {
                "type": "git",
                "url": "https://github.com/johnpbloch/wordpress-core-installer.git",
                "reference": "a04c2c383ef13aae077f36799ed2eafdebd618d2"
            },
            "dist": {
                "type": "zip",
                "url": "https://api.github.com/repos/johnpbloch/wordpress-core-installer/zipball/a04c2c383ef13aae077f36799ed2eafdebd618d2",
                "reference": "a04c2c383ef13aae077f36799ed2eafdebd618d2",
                "shasum": ""
            },
            "require": {
                "composer-plugin-api": "^1.0"
            },
            "conflict": {
                "composer/installers": "<1.0.6"
            },
            "require-dev": {
                "composer/composer": "1.0.*@dev"
            },
            "type": "composer-plugin",
            "extra": {
                "class": "johnpbloch\\Composer\\WordPressCorePlugin"
            },
            "autoload": {
                "psr-0": {
                    "johnpbloch\\Composer\\": "src/"
                }
            },
            "notification-url": "https://packagist.org/downloads/",
            "license": [
                "GPL-2.0+"
            ],
            "authors": [
                {
                    "name": "John P. Bloch",
                    "email": "me@johnpbloch.com"
                }
            ],
            "description": "A custom installer to handle deploying WordPress with composer",
            "keywords": [
                "wordpress"
            ],
            "time": "2015-06-11 15:15:30"
        },
        {
            "name": "vlucas/phpdotenv",
            "version": "v2.0.1",
            "source": {
                "type": "git",
                "url": "https://github.com/vlucas/phpdotenv.git",
                "reference": "91064290f5b53a09bdff1b939d7f69fb0e7531b5"
            },
            "dist": {
                "type": "zip",
                "url": "https://api.github.com/repos/vlucas/phpdotenv/zipball/91064290f5b53a09bdff1b939d7f69fb0e7531b5",
                "reference": "91064290f5b53a09bdff1b939d7f69fb0e7531b5",
                "shasum": ""
            },
            "require": {
                "php": ">=5.3.2"
            },
            "require-dev": {
                "phpunit/phpunit": "~4.0"
            },
            "type": "library",
            "autoload": {
                "psr-4": {
                    "Dotenv\\": "src/"
                }
            },
            "notification-url": "https://packagist.org/downloads/",
            "license": [
                "BSD"
            ],
            "authors": [
                {
                    "name": "Vance Lucas",
                    "email": "vance@vancelucas.com",
                    "homepage": "http://www.vancelucas.com"
                }
            ],
            "description": "Loads environment variables from `.env` to `getenv()`, `$_ENV` and `$_SERVER` automagically.",
            "homepage": "http://github.com/vlucas/phpdotenv",
            "keywords": [
                "dotenv",
                "env",
                "environment"
            ],
            "time": "2015-05-30 16:15:01"
        },
        {
            "name": "wpackagist-plugin/akismet",
            "version": "3.1.3",
            "source": {
                "type": "svn",
                "url": "http://plugins.svn.wordpress.org/akismet/",
                "reference": "tags/3.1.3"
            },
            "dist": {
                "type": "zip",
                "url": "https://downloads.wordpress.org/plugin/akismet.3.1.3.zip",
                "reference": null,
                "shasum": null
            },
            "require": {
                "composer/installers": "~1.0"
            },
            "type": "wordpress-plugin",
            "homepage": "https://wordpress.org/plugins/akismet/"
        },
        {
            "name": "wpackagist-plugin/disqus-comment-system",
            "version": "2.84",
            "source": {
                "type": "svn",
                "url": "http://plugins.svn.wordpress.org/disqus-comment-system/",
                "reference": "trunk"
            },
            "dist": {
                "type": "zip",
                "url": "https://downloads.wordpress.org/plugin/disqus-comment-system.zip",
                "reference": null,
                "shasum": null
            },
            "require": {
                "composer/installers": "~1.0"
            },
            "type": "wordpress-plugin",
            "homepage": "https://wordpress.org/plugins/disqus-comment-system/"
        },
        {
            "name": "wpackagist-plugin/page-links-to",
            "version": "2.9.6",
            "source": {
                "type": "svn",
                "url": "http://plugins.svn.wordpress.org/page-links-to/",
                "reference": "tags/2.9.6"
            },
            "dist": {
                "type": "zip",
                "url": "https://downloads.wordpress.org/plugin/page-links-to.2.9.6.zip",
                "reference": null,
                "shasum": null
            },
            "require": {
                "composer/installers": "~1.0"
            },
            "type": "wordpress-plugin",
            "homepage": "https://wordpress.org/plugins/page-links-to/"
        },
        {
            "name": "wpackagist-plugin/redirection",
            "version": "2.3.16",
            "source": {
                "type": "svn",
                "url": "http://plugins.svn.wordpress.org/redirection/",
                "reference": "tags/2.3.16"
            },
            "dist": {
                "type": "zip",
                "url": "https://downloads.wordpress.org/plugin/redirection.2.3.16.zip",
                "reference": null,
                "shasum": null
            },
            "require": {
                "composer/installers": "~1.0"
            },
            "type": "wordpress-plugin",
            "homepage": "https://wordpress.org/plugins/redirection/"
        },
        {
            "name": "wpackagist-plugin/simple-pull-quote",
            "version": "1.4",
            "source": {
                "type": "svn",
                "url": "http://plugins.svn.wordpress.org/simple-pull-quote/",
                "reference": "tags/1.4"
            },
            "dist": {
                "type": "zip",
                "url": "https://downloads.wordpress.org/plugin/simple-pull-quote.1.4.zip",
                "reference": null,
                "shasum": null
            },
            "require": {
                "composer/installers": "~1.0"
            },
            "type": "wordpress-plugin",
            "homepage": "https://wordpress.org/plugins/simple-pull-quote/"
        },
        {
            "name": "wpackagist-plugin/widget-logic",
            "version": "0.57",
            "source": {
                "type": "svn",
                "url": "http://plugins.svn.wordpress.org/widget-logic/",
                "reference": "tags/0.57"
            },
            "dist": {
                "type": "zip",
                "url": "https://downloads.wordpress.org/plugin/widget-logic.0.57.zip",
                "reference": null,
                "shasum": null
            },
            "require": {
                "composer/installers": "~1.0"
            },
            "type": "wordpress-plugin",
            "homepage": "https://wordpress.org/plugins/widget-logic/"
        },
        {
            "name": "wpackagist-plugin/wordpress-seo",
            "version": "2.3.4",
            "source": {
                "type": "svn",
                "url": "http://plugins.svn.wordpress.org/wordpress-seo/",
                "reference": "tags/2.3.4"
            },
            "dist": {
                "type": "zip",
                "url": "https://downloads.wordpress.org/plugin/wordpress-seo.2.3.4.zip",
                "reference": null,
                "shasum": null
            },
            "require": {
                "composer/installers": "~1.0"
            },
            "type": "wordpress-plugin",
            "homepage": "https://wordpress.org/plugins/wordpress-seo/"
        },
        {
            "name": "wpackagist-plugin/wp-pagenavi",
            "version": "2.88",
            "source": {
                "type": "svn",
                "url": "http://plugins.svn.wordpress.org/wp-pagenavi/",
                "reference": "tags/2.88"
            },
            "dist": {
                "type": "zip",
                "url": "https://downloads.wordpress.org/plugin/wp-pagenavi.2.88.zip",
                "reference": null,
                "shasum": null
            },
            "require": {
                "composer/installers": "~1.0"
            },
            "type": "wordpress-plugin",
            "homepage": "https://wordpress.org/plugins/wp-pagenavi/"
        },
        {
            "name": "wpackagist-plugin/zemanta",
            "version": "1.3",
            "source": {
                "type": "svn",
                "url": "http://plugins.svn.wordpress.org/zemanta/",
                "reference": "tags/1.3"
            },
            "dist": {
                "type": "zip",
                "url": "https://downloads.wordpress.org/plugin/zemanta.1.3.zip",
                "reference": null,
                "shasum": null
            },
            "require": {
                "composer/installers": "~1.0"
            },
            "type": "wordpress-plugin",
            "homepage": "https://wordpress.org/plugins/zemanta/"
        }
    ],
    "packages-dev": [],
    "aliases": [],
    "minimum-stability": "stable",
    "stability-flags": [],
    "prefer-stable": false,
    "prefer-lowest": false,
    "platform": {
        "php": ">=5.4"
    },
    "platform-dev": []
}
